
Microsoft Visual Studio Solution File, Format Version 12.00
# Visual Studio Version 17
VisualStudioVersion = 17.11.35208.52
MinimumVisualStudioVersion = 10.0.40219.1
Project("{9A19103F-16F7-4668-BE54-9A1E7A4F7556}") = "RazorPageDemo", "RazorPageDemo\RazorPageDemo.csproj", "{3AB32968-AB2F-4222-82F8-B28343DB66FF}"
EndProject
Global
	GlobalSection(SolutionConfigurationPlatforms) = preSolution
		Debug|Any CPU = Debug|Any CPU
		Release|Any CPU = Release|Any CPU
	EndGlobalSection
	GlobalSection(ProjectConfigurationPlatforms) = postSolution
		{3AB32968-AB2F-4222-82F8-B28343DB66FF}.Debug|Any CPU.ActiveCfg = Debug|Any CPU
		{3AB32968-AB2F-4222-82F8-B28343DB66FF}.Debug|Any CPU.Build.0 = Debug|Any CPU
		{3AB32968-AB2F-4222-82F8-B28343DB66FF}.Release|Any CPU.ActiveCfg = Release|Any CPU
		{3AB32968-AB2F-4222-82F8-B28343DB66FF}.Release|Any CPU.Build.0 = Release|Any CPU
	EndGlobalSection
	GlobalSection(SolutionProperties) = preSolution
		HideSolutionNode = FALSE
	EndGlobalSection
	GlobalSection(ExtensibilityGlobals) = postSolution
		SolutionGuid = {C6128B9C-9B09-43CA-96D3-2FF3D799DCE5}
	EndGlobalSection
EndGlobal
